
Microsoft Visual Studio Solution File, Format Version 12.00
# Visual Studio Version 17
VisualStudioVersion = 17.14.36221.1
MinimumVisualStudioVersion = 10.0.40219.1
Project("{FAE04EC0-301F-11D3-BF4B-00C04F79EFBC}") = "Domain", "src\Domain\Domain.csproj", "{A103419E-1468-46D7-8C32-B445F1D9D018}"
EndProject
Project("{FAE04EC0-301F-11D3-BF4B-00C04F79EFBC}") = "Application", "src\Application\Application.csproj", "{51132077-0FF4-4DB0-A94B-0D50DC7FE74F}"
EndProject
Project("{FAE04EC0-301F-11D3-BF4B-00C04F79EFBC}") = "Infrastructure", "src\Infrastructure\Infrastructure.csproj", "{6D6CBFB2-1717-4760-AC4D-49E1E9E8BA2D}"
EndProject
Project("{FAE04EC0-301F-11D3-BF4B-00C04F79EFBC}") = "Web.API", "src\Web.API\Web.API.csproj", "{C46FED39-1F31-4D65-8F57-E7A71281D49E}"
EndProject
Project("{FAE04EC0-301F-11D3-BF4B-00C04F79EFBC}") = "Web", "src\Web\Web.csproj", "{E84E90BC-594C-4FD5-A6AC-796D2462AFD8}"
EndProject
Project("{FAE04EC0-301F-11D3-BF4B-00C04F79EFBC}") = "UnitTest", "tests\UnitTest\UnitTest.csproj", "{0D5F5388-875D-489C-A038-D9C3F465612D}"
EndProject
Global
	GlobalSection(SolutionConfigurationPlatforms) = preSolution
		Debug|Any CPU = Debug|Any CPU
		Release|Any CPU = Release|Any CPU
	EndGlobalSection
	GlobalSection(ProjectConfigurationPlatforms) = postSolution
		{A103419E-1468-46D7-8C32-B445F1D9D018}.Debug|Any CPU.ActiveCfg = Debug|Any CPU
		{A103419E-1468-46D7-8C32-B445F1D9D018}.Debug|Any CPU.Build.0 = Debug|Any CPU
		{A103419E-1468-46D7-8C32-B445F1D9D018}.Release|Any CPU.ActiveCfg = Release|Any CPU
		{A103419E-1468-46D7-8C32-B445F1D9D018}.Release|Any CPU.Build.0 = Release|Any CPU
		{51132077-0FF4-4DB0-A94B-0D50DC7FE74F}.Debug|Any CPU.ActiveCfg = Debug|Any CPU
		{51132077-0FF4-4DB0-A94B-0D50DC7FE74F}.Debug|Any CPU.Build.0 = Debug|Any CPU
		{51132077-0FF4-4DB0-A94B-0D50DC7FE74F}.Release|Any CPU.ActiveCfg = Release|Any CPU
		{51132077-0FF4-4DB0-A94B-0D50DC7FE74F}.Release|Any CPU.Build.0 = Release|Any CPU
		{6D6CBFB2-1717-4760-AC4D-49E1E9E8BA2D}.Debug|Any CPU.ActiveCfg = Debug|Any CPU
		{6D6CBFB2-1717-4760-AC4D-49E1E9E8BA2D}.Debug|Any CPU.Build.0 = Debug|Any CPU
		{6D6CBFB2-1717-4760-AC4D-49E1E9E8BA2D}.Release|Any CPU.ActiveCfg = Release|Any CPU
		{6D6CBFB2-1717-4760-AC4D-49E1E9E8BA2D}.Release|Any CPU.Build.0 = Release|Any CPU
		{C46FED39-1F31-4D65-8F57-E7A71281D49E}.Debug|Any CPU.ActiveCfg = Debug|Any CPU
		{C46FED39-1F31-4D65-8F57-E7A71281D49E}.Debug|Any CPU.Build.0 = Debug|Any CPU
		{C46FED39-1F31-4D65-8F57-E7A71281D49E}.Release|Any CPU.ActiveCfg = Release|Any CPU
		{C46FED39-1F31-4D65-8F57-E7A71281D49E}.Release|Any CPU.Build.0 = Release|Any CPU
		{E84E90BC-594C-4FD5-A6AC-796D2462AFD8}.Debug|Any CPU.ActiveCfg = Debug|Any CPU
		{E84E90BC-594C-4FD5-A6AC-796D2462AFD8}.Debug|Any CPU.Build.0 = Debug|Any CPU
		{E84E90BC-594C-4FD5-A6AC-796D2462AFD8}.Release|Any CPU.ActiveCfg = Release|Any CPU
		{E84E90BC-594C-4FD5-A6AC-796D2462AFD8}.Release|Any CPU.Build.0 = Release|Any CPU
		{0D5F5388-875D-489C-A038-D9C3F465612D}.Debug|Any CPU.ActiveCfg = Debug|Any CPU
		{0D5F5388-875D-489C-A038-D9C3F465612D}.Debug|Any CPU.Build.0 = Debug|Any CPU
		{0D5F5388-875D-489C-A038-D9C3F465612D}.Release|Any CPU.ActiveCfg = Release|Any CPU
		{0D5F5388-875D-489C-A038-D9C3F465612D}.Release|Any CPU.Build.0 = Release|Any CPU
	EndGlobalSection
	GlobalSection(SolutionProperties) = preSolution
		HideSolutionNode = FALSE
	EndGlobalSection
	GlobalSection(ExtensibilityGlobals) = postSolution
		SolutionGuid = {72E29135-8DFE-4B75-9C78-A0E378492B1E}
	EndGlobalSection
EndGlobal
